
Microsoft Visual Studio Solution File, Format Version 12.00
# Visual Studio Version 17
VisualStudioVersion = 17.6.33815.320
MinimumVisualStudioVersion = 10.0.40219.1
Project("{FAE04EC0-301F-11D3-BF4B-00C04F79EFBC}") = "HOSPITAL_Money", "HOSPITAL_Money\HOSPITAL_Money.csproj", "{79EC8494-BCDA-4841-B58B-37612CB2B82D}"
EndProject
Global
	GlobalSection(SolutionConfigurationPlatforms) = preSolution
		Debug|Any CPU = Debug|Any CPU
		Release|Any CPU = Release|Any CPU
	EndGlobalSection
	GlobalSection(ProjectConfigurationPlatforms) = postSolution
		{79EC8494-BCDA-4841-B58B-37612CB2B82D}.Debug|Any CPU.ActiveCfg = Debug|Any CPU
		{79EC8494-BCDA-4841-B58B-37612CB2B82D}.Debug|Any CPU.Build.0 = Debug|Any CPU
		{79EC8494-BCDA-4841-B58B-37612CB2B82D}.Release|Any CPU.ActiveCfg = Release|Any CPU
		{79EC8494-BCDA-4841-B58B-37612CB2B82D}.Release|Any CPU.Build.0 = Release|Any CPU
	EndGlobalSection
	GlobalSection(SolutionProperties) = preSolution
		HideSolutionNode = FALSE
	EndGlobalSection
	GlobalSection(ExtensibilityGlobals) = postSolution
		SolutionGuid = {A583F898-955D-40B5-A807-CCDC65738087}
	EndGlobalSection
EndGlobal
